
Microsoft Visual Studio Solution File, Format Version 12.00
# Visual Studio 15
VisualStudioVersion = 15.0.28010.2026
MinimumVisualStudioVersion = 10.0.40219.1
Project("{9A19103F-16F7-4668-BE54-9A1E7A4F7556}") = "CreateCreds", "CreateCreds\CreateCreds.csproj", "{BDC7FF77-9271-4302-B23E-CCD2566801D9}"
EndProject
Project("{FAE04EC0-301F-11D3-BF4B-00C04F79EFBC}") = "LoginApp", "LoginApp\LoginApp.csproj", "{49AA3CBA-8F68-4FE9-A224-AA00E4573D06}"
EndProject
Project("{FAE04EC0-301F-11D3-BF4B-00C04F79EFBC}") = "PasswordCracker", "PasswordCracker\PasswordCracker.csproj", "{AA53FF5D-F277-4D10-BAEF-C68E557C8421}"
EndProject
Global
	GlobalSection(SolutionConfigurationPlatforms) = preSolution
		Debug|Any CPU = Debug|Any CPU
		Release|Any CPU = Release|Any CPU
	EndGlobalSection
	GlobalSection(ProjectConfigurationPlatforms) = postSolution
		{BDC7FF77-9271-4302-B23E-CCD2566801D9}.Debug|Any CPU.ActiveCfg = Debug|Any CPU
		{BDC7FF77-9271-4302-B23E-CCD2566801D9}.Debug|Any CPU.Build.0 = Debug|Any CPU
		{BDC7FF77-9271-4302-B23E-CCD2566801D9}.Release|Any CPU.ActiveCfg = Release|Any CPU
		{BDC7FF77-9271-4302-B23E-CCD2566801D9}.Release|Any CPU.Build.0 = Release|Any CPU
		{49AA3CBA-8F68-4FE9-A224-AA00E4573D06}.Debug|Any CPU.ActiveCfg = Debug|Any CPU
		{49AA3CBA-8F68-4FE9-A224-AA00E4573D06}.Debug|Any CPU.Build.0 = Debug|Any CPU
		{49AA3CBA-8F68-4FE9-A224-AA00E4573D06}.Release|Any CPU.ActiveCfg = Release|Any CPU
		{49AA3CBA-8F68-4FE9-A224-AA00E4573D06}.Release|Any CPU.Build.0 = Release|Any CPU
		{AA53FF5D-F277-4D10-BAEF-C68E557C8421}.Debug|Any CPU.ActiveCfg = Debug|Any CPU
		{AA53FF5D-F277-4D10-BAEF-C68E557C8421}.Debug|Any CPU.Build.0 = Debug|Any CPU
		{AA53FF5D-F277-4D10-BAEF-C68E557C8421}.Release|Any CPU.ActiveCfg = Release|Any CPU
		{AA53FF5D-F277-4D10-BAEF-C68E557C8421}.Release|Any CPU.Build.0 = Release|Any CPU
	EndGlobalSection
	GlobalSection(SolutionProperties) = preSolution
		HideSolutionNode = FALSE
	EndGlobalSection
	GlobalSection(ExtensibilityGlobals) = postSolution
		SolutionGuid = {4A714E14-B103-4799-B6E3-00F67BAB703F}
	EndGlobalSection
EndGlobal
